
Microsoft Visual Studio Solution File, Format Version 12.00
# Visual Studio 15
VisualStudioVersion = 15.0.26124.0
MinimumVisualStudioVersion = 15.0.26124.0
Project("{2150E333-8FDC-42A3-9474-1A3956D46DE8}") = ".paket", ".paket", "{0A0B1D24-95B9-4088-A44C-4DCDBCAA902B}"
	ProjectSection(SolutionItems) = preProject
		paket.dependencies = paket.dependencies
	EndProjectSection
EndProject
Project("{F2A71F9B-5D33-465A-A702-920D77279786}") = "Core", "Core\Core.fsproj", "{830242D7-2C56-4C00-85C5-54189AA3D78B}"
EndProject
Global
	GlobalSection(SolutionConfigurationPlatforms) = preSolution
		Debug|Any CPU = Debug|Any CPU
		Debug|x64 = Debug|x64
		Debug|x86 = Debug|x86
		Release|Any CPU = Release|Any CPU
		Release|x64 = Release|x64
		Release|x86 = Release|x86
	EndGlobalSection
	GlobalSection(SolutionProperties) = preSolution
		HideSolutionNode = FALSE
	EndGlobalSection
	GlobalSection(ProjectConfigurationPlatforms) = postSolution
		{830242D7-2C56-4C00-85C5-54189AA3D78B}.Debug|Any CPU.ActiveCfg = Debug|Any CPU
		{830242D7-2C56-4C00-85C5-54189AA3D78B}.Debug|Any CPU.Build.0 = Debug|Any CPU
		{830242D7-2C56-4C00-85C5-54189AA3D78B}.Debug|x64.ActiveCfg = Debug|Any CPU
		{830242D7-2C56-4C00-85C5-54189AA3D78B}.Debug|x64.Build.0 = Debug|Any CPU
		{830242D7-2C56-4C00-85C5-54189AA3D78B}.Debug|x86.ActiveCfg = Debug|Any CPU
		{830242D7-2C56-4C00-85C5-54189AA3D78B}.Debug|x86.Build.0 = Debug|Any CPU
		{830242D7-2C56-4C00-85C5-54189AA3D78B}.Release|Any CPU.ActiveCfg = Release|Any CPU
		{830242D7-2C56-4C00-85C5-54189AA3D78B}.Release|Any CPU.Build.0 = Release|Any CPU
		{830242D7-2C56-4C00-85C5-54189AA3D78B}.Release|x64.ActiveCfg = Release|Any CPU
		{830242D7-2C56-4C00-85C5-54189AA3D78B}.Release|x64.Build.0 = Release|Any CPU
		{830242D7-2C56-4C00-85C5-54189AA3D78B}.Release|x86.ActiveCfg = Release|Any CPU
		{830242D7-2C56-4C00-85C5-54189AA3D78B}.Release|x86.Build.0 = Release|Any CPU
	EndGlobalSection
EndGlobal
